
Microsoft Visual Studio Solution File, Format Version 12.00
# Visual Studio Version 17
VisualStudioVersion = 17.5.33414.496
MinimumVisualStudioVersion = 10.0.40219.1
Project("{FAE04EC0-301F-11D3-BF4B-00C04F79EFBC}") = "ZeamartApp", "ZeamartApp\ZeamartApp.csproj", "{906E8519-FF52-4E04-984A-B8DF2BA1D589}"
EndProject
Global
	GlobalSection(SolutionConfigurationPlatforms) = preSolution
		Debug|Any CPU = Debug|Any CPU
		Release|Any CPU = Release|Any CPU
	EndGlobalSection
	GlobalSection(ProjectConfigurationPlatforms) = postSolution
		{906E8519-FF52-4E04-984A-B8DF2BA1D589}.Debug|Any CPU.ActiveCfg = Debug|Any CPU
		{906E8519-FF52-4E04-984A-B8DF2BA1D589}.Debug|Any CPU.Build.0 = Debug|Any CPU
		{906E8519-FF52-4E04-984A-B8DF2BA1D589}.Release|Any CPU.ActiveCfg = Release|Any CPU
		{906E8519-FF52-4E04-984A-B8DF2BA1D589}.Release|Any CPU.Build.0 = Release|Any CPU
	EndGlobalSection
	GlobalSection(SolutionProperties) = preSolution
		HideSolutionNode = FALSE
	EndGlobalSection
	GlobalSection(ExtensibilityGlobals) = postSolution
		SolutionGuid = {1A950A94-7A2B-4486-892F-E9BBC5725CD6}
	EndGlobalSection
EndGlobal
